
Microsoft Visual Studio Solution File, Format Version 12.00
# Visual Studio Version 16
VisualStudioVersion = 16.0.30517.126
MinimumVisualStudioVersion = 10.0.40219.1
Project("{9A19103F-16F7-4668-BE54-9A1E7A4F7556}") = "20210402homework", "20210402homework\20210402homework.csproj", "{14B9D1F4-5F1B-48EA-B9A7-D0862DD9DF19}"
EndProject
Project("{FAE04EC0-301F-11D3-BF4B-00C04F79EFBC}") = "20210402homeworkTests", "20210402homeworkTests\20210402homeworkTests.csproj", "{BA7C3AA1-FF81-4AA2-85E4-AF35704AAE54}"
EndProject
Global
	GlobalSection(SolutionConfigurationPlatforms) = preSolution
		Debug|Any CPU = Debug|Any CPU
		Release|Any CPU = Release|Any CPU
	EndGlobalSection
	GlobalSection(ProjectConfigurationPlatforms) = postSolution
		{14B9D1F4-5F1B-48EA-B9A7-D0862DD9DF19}.Debug|Any CPU.ActiveCfg = Debug|Any CPU
		{14B9D1F4-5F1B-48EA-B9A7-D0862DD9DF19}.Debug|Any CPU.Build.0 = Debug|Any CPU
		{14B9D1F4-5F1B-48EA-B9A7-D0862DD9DF19}.Release|Any CPU.ActiveCfg = Release|Any CPU
		{14B9D1F4-5F1B-48EA-B9A7-D0862DD9DF19}.Release|Any CPU.Build.0 = Release|Any CPU
		{BA7C3AA1-FF81-4AA2-85E4-AF35704AAE54}.Debug|Any CPU.ActiveCfg = Debug|Any CPU
		{BA7C3AA1-FF81-4AA2-85E4-AF35704AAE54}.Debug|Any CPU.Build.0 = Debug|Any CPU
		{BA7C3AA1-FF81-4AA2-85E4-AF35704AAE54}.Release|Any CPU.ActiveCfg = Release|Any CPU
		{BA7C3AA1-FF81-4AA2-85E4-AF35704AAE54}.Release|Any CPU.Build.0 = Release|Any CPU
	EndGlobalSection
	GlobalSection(SolutionProperties) = preSolution
		HideSolutionNode = FALSE
	EndGlobalSection
	GlobalSection(ExtensibilityGlobals) = postSolution
		SolutionGuid = {0DF14215-DE74-46E4-BD41-F24AE2D2A9B4}
	EndGlobalSection
EndGlobal
