
Microsoft Visual Studio Solution File, Format Version 12.00
# Visual Studio Version 16
VisualStudioVersion = 16.0.31205.134
MinimumVisualStudioVersion = 10.0.40219.1
Project("{FAE04EC0-301F-11D3-BF4B-00C04F79EFBC}") = "20210423homework", "20210423homework\20210423homework.csproj", "{F4745148-1E85-40CB-868E-BA185912EDC9}"
EndProject
Global
	GlobalSection(SolutionConfigurationPlatforms) = preSolution
		Debug|Any CPU = Debug|Any CPU
		Release|Any CPU = Release|Any CPU
	EndGlobalSection
	GlobalSection(ProjectConfigurationPlatforms) = postSolution
		{F4745148-1E85-40CB-868E-BA185912EDC9}.Debug|Any CPU.ActiveCfg = Debug|Any CPU
		{F4745148-1E85-40CB-868E-BA185912EDC9}.Debug|Any CPU.Build.0 = Debug|Any CPU
		{F4745148-1E85-40CB-868E-BA185912EDC9}.Release|Any CPU.ActiveCfg = Release|Any CPU
		{F4745148-1E85-40CB-868E-BA185912EDC9}.Release|Any CPU.Build.0 = Release|Any CPU
	EndGlobalSection
	GlobalSection(SolutionProperties) = preSolution
		HideSolutionNode = FALSE
	EndGlobalSection
	GlobalSection(ExtensibilityGlobals) = postSolution
		SolutionGuid = {18054441-C6D0-4083-BA64-5AC0282803D7}
	EndGlobalSection
EndGlobal
