
Microsoft Visual Studio Solution File, Format Version 12.00
# Visual Studio Version 16
VisualStudioVersion = 16.0.30517.126
MinimumVisualStudioVersion = 10.0.40219.1
Project("{FAE04EC0-301F-11D3-BF4B-00C04F79EFBC}") = "VisualCalculator", "VisualCalculator\VisualCalculator.csproj", "{5F502C9D-F7BC-4316-8DC9-E144971C328E}"
EndProject
Global
	GlobalSection(SolutionConfigurationPlatforms) = preSolution
		Debug|Any CPU = Debug|Any CPU
		Release|Any CPU = Release|Any CPU
	EndGlobalSection
	GlobalSection(ProjectConfigurationPlatforms) = postSolution
		{5F502C9D-F7BC-4316-8DC9-E144971C328E}.Debug|Any CPU.ActiveCfg = Debug|Any CPU
		{5F502C9D-F7BC-4316-8DC9-E144971C328E}.Debug|Any CPU.Build.0 = Debug|Any CPU
		{5F502C9D-F7BC-4316-8DC9-E144971C328E}.Release|Any CPU.ActiveCfg = Release|Any CPU
		{5F502C9D-F7BC-4316-8DC9-E144971C328E}.Release|Any CPU.Build.0 = Release|Any CPU
	EndGlobalSection
	GlobalSection(SolutionProperties) = preSolution
		HideSolutionNode = FALSE
	EndGlobalSection
	GlobalSection(ExtensibilityGlobals) = postSolution
		SolutionGuid = {361851B1-D07D-4791-AEE8-CB62EC492141}
	EndGlobalSection
EndGlobal
